
Microsoft Visual Studio Solution File, Format Version 12.00
# Visual Studio Version 16
VisualStudioVersion = 16.0.31005.135
MinimumVisualStudioVersion = 10.0.40219.1
Project("{FAE04EC0-301F-11D3-BF4B-00C04F79EFBC}") = "ProjetoJornada", "ProjetoJornada\ProjetoJornada.csproj", "{5023B2BB-9161-4AB8-9911-DF39A7DC64AB}"
EndProject
Global
	GlobalSection(SolutionConfigurationPlatforms) = preSolution
		Debug|Any CPU = Debug|Any CPU
		Release|Any CPU = Release|Any CPU
	EndGlobalSection
	GlobalSection(ProjectConfigurationPlatforms) = postSolution
		{5023B2BB-9161-4AB8-9911-DF39A7DC64AB}.Debug|Any CPU.ActiveCfg = Debug|Any CPU
		{5023B2BB-9161-4AB8-9911-DF39A7DC64AB}.Debug|Any CPU.Build.0 = Debug|Any CPU
		{5023B2BB-9161-4AB8-9911-DF39A7DC64AB}.Release|Any CPU.ActiveCfg = Release|Any CPU
		{5023B2BB-9161-4AB8-9911-DF39A7DC64AB}.Release|Any CPU.Build.0 = Release|Any CPU
	EndGlobalSection
	GlobalSection(SolutionProperties) = preSolution
		HideSolutionNode = FALSE
	EndGlobalSection
	GlobalSection(ExtensibilityGlobals) = postSolution
		SolutionGuid = {A9261648-7D68-41ED-9C68-DB1BDCEFCD94}
	EndGlobalSection
EndGlobal
